
Microsoft Visual Studio Solution File, Format Version 12.00
# Visual Studio Version 17
VisualStudioVersion = 17.0.31903.59
MinimumVisualStudioVersion = 10.0.40219.1
Project("{FAE04EC0-301F-11D3-BF4B-00C04F79EFBC}") = "ConsoleApp1", "ConsoleApp1\ConsoleApp1.csproj", "{B35A2159-9134-476B-AB3D-FED1AF4E1097}"
EndProject
Project("{FAE04EC0-301F-11D3-BF4B-00C04F79EFBC}") = "FooBar", "FooBar\FooBar.csproj", "{F20B8001-5ECF-41D0-97E2-F9148CEF49E8}"
EndProject
Project("{FAE04EC0-301F-11D3-BF4B-00C04F79EFBC}") = "ConsoleApp2", "ConsoleApp2\ConsoleApp2.csproj", "{1F48E3A1-389A-4EF5-BDD6-C72F67AD8634}"
EndProject
Project("{FAE04EC0-301F-11D3-BF4B-00C04F79EFBC}") = "FooBarJazz", "FooBarJazz\FooBarJazz.csproj", "{DA08B1D2-D501-433B-A262-7E8DF8B8A9DD}"
EndProject
Project("{2150E333-8FDC-42A3-9474-1A3956D46DE8}") = "AdvancedC#", "AdvancedC#", "{9FD79B0D-ABBA-4474-1CA5-33925866ED11}"
EndProject
Project("{FAE04EC0-301F-11D3-BF4B-00C04F79EFBC}") = "Delegates", "AdvancedC#\Delegates\Delegates.csproj", "{80FF269E-9B86-4A4A-8CFD-45D153FB5359}"
EndProject
Project("{FAE04EC0-301F-11D3-BF4B-00C04F79EFBC}") = "EventHandler", "AdvancedC#\EventHandler\EventHandler.csproj", "{C9858482-7578-48D9-BCAC-99538F207873}"
EndProject
Project("{FAE04EC0-301F-11D3-BF4B-00C04F79EFBC}") = "TryStatementsAndExceptions", "AdvancedC#\TryStatementsAndExceptions\TryStatementsAndExceptions.csproj", "{90506940-855B-42CB-82BA-EC27161AF987}"
EndProject
Project("{2150E333-8FDC-42A3-9474-1A3956D46DE8}") = "EntityFramework", "EntityFramework", "{E8D77DAC-33BC-3CA2-A23C-9954A534067A}"
EndProject
Project("{FAE04EC0-301F-11D3-BF4B-00C04F79EFBC}") = "MiniLibrary", "EntityFramework\MiniLibrary\MiniLibrary.csproj", "{4672A234-B49E-4619-905B-E7246BE7ADC5}"
EndProject
Global
	GlobalSection(SolutionConfigurationPlatforms) = preSolution
		Debug|Any CPU = Debug|Any CPU
		Debug|x64 = Debug|x64
		Debug|x86 = Debug|x86
		Release|Any CPU = Release|Any CPU
		Release|x64 = Release|x64
		Release|x86 = Release|x86
	EndGlobalSection
	GlobalSection(ProjectConfigurationPlatforms) = postSolution
		{B35A2159-9134-476B-AB3D-FED1AF4E1097}.Debug|Any CPU.ActiveCfg = Debug|Any CPU
		{B35A2159-9134-476B-AB3D-FED1AF4E1097}.Debug|Any CPU.Build.0 = Debug|Any CPU
		{B35A2159-9134-476B-AB3D-FED1AF4E1097}.Debug|x64.ActiveCfg = Debug|Any CPU
		{B35A2159-9134-476B-AB3D-FED1AF4E1097}.Debug|x64.Build.0 = Debug|Any CPU
		{B35A2159-9134-476B-AB3D-FED1AF4E1097}.Debug|x86.ActiveCfg = Debug|Any CPU
		{B35A2159-9134-476B-AB3D-FED1AF4E1097}.Debug|x86.Build.0 = Debug|Any CPU
		{B35A2159-9134-476B-AB3D-FED1AF4E1097}.Release|Any CPU.ActiveCfg = Release|Any CPU
		{B35A2159-9134-476B-AB3D-FED1AF4E1097}.Release|Any CPU.Build.0 = Release|Any CPU
		{B35A2159-9134-476B-AB3D-FED1AF4E1097}.Release|x64.ActiveCfg = Release|Any CPU
		{B35A2159-9134-476B-AB3D-FED1AF4E1097}.Release|x64.Build.0 = Release|Any CPU
		{B35A2159-9134-476B-AB3D-FED1AF4E1097}.Release|x86.ActiveCfg = Release|Any CPU
		{B35A2159-9134-476B-AB3D-FED1AF4E1097}.Release|x86.Build.0 = Release|Any CPU
		{F20B8001-5ECF-41D0-97E2-F9148CEF49E8}.Debug|Any CPU.ActiveCfg = Debug|Any CPU
		{F20B8001-5ECF-41D0-97E2-F9148CEF49E8}.Debug|Any CPU.Build.0 = Debug|Any CPU
		{F20B8001-5ECF-41D0-97E2-F9148CEF49E8}.Debug|x64.ActiveCfg = Debug|Any CPU
		{F20B8001-5ECF-41D0-97E2-F9148CEF49E8}.Debug|x64.Build.0 = Debug|Any CPU
		{F20B8001-5ECF-41D0-97E2-F9148CEF49E8}.Debug|x86.ActiveCfg = Debug|Any CPU
		{F20B8001-5ECF-41D0-97E2-F9148CEF49E8}.Debug|x86.Build.0 = Debug|Any CPU
		{F20B8001-5ECF-41D0-97E2-F9148CEF49E8}.Release|Any CPU.ActiveCfg = Release|Any CPU
		{F20B8001-5ECF-41D0-97E2-F9148CEF49E8}.Release|Any CPU.Build.0 = Release|Any CPU
		{F20B8001-5ECF-41D0-97E2-F9148CEF49E8}.Release|x64.ActiveCfg = Release|Any CPU
		{F20B8001-5ECF-41D0-97E2-F9148CEF49E8}.Release|x64.Build.0 = Release|Any CPU
		{F20B8001-5ECF-41D0-97E2-F9148CEF49E8}.Release|x86.ActiveCfg = Release|Any CPU
		{F20B8001-5ECF-41D0-97E2-F9148CEF49E8}.Release|x86.Build.0 = Release|Any CPU
		{1F48E3A1-389A-4EF5-BDD6-C72F67AD8634}.Debug|Any CPU.ActiveCfg = Debug|Any CPU
		{1F48E3A1-389A-4EF5-BDD6-C72F67AD8634}.Debug|Any CPU.Build.0 = Debug|Any CPU
		{1F48E3A1-389A-4EF5-BDD6-C72F67AD8634}.Debug|x64.ActiveCfg = Debug|Any CPU
		{1F48E3A1-389A-4EF5-BDD6-C72F67AD8634}.Debug|x64.Build.0 = Debug|Any CPU
		{1F48E3A1-389A-4EF5-BDD6-C72F67AD8634}.Debug|x86.ActiveCfg = Debug|Any CPU
		{1F48E3A1-389A-4EF5-BDD6-C72F67AD8634}.Debug|x86.Build.0 = Debug|Any CPU
		{1F48E3A1-389A-4EF5-BDD6-C72F67AD8634}.Release|Any CPU.ActiveCfg = Release|Any CPU
		{1F48E3A1-389A-4EF5-BDD6-C72F67AD8634}.Release|Any CPU.Build.0 = Release|Any CPU
		{1F48E3A1-389A-4EF5-BDD6-C72F67AD8634}.Release|x64.ActiveCfg = Release|Any CPU
		{1F48E3A1-389A-4EF5-BDD6-C72F67AD8634}.Release|x64.Build.0 = Release|Any CPU
		{1F48E3A1-389A-4EF5-BDD6-C72F67AD8634}.Release|x86.ActiveCfg = Release|Any CPU
		{1F48E3A1-389A-4EF5-BDD6-C72F67AD8634}.Release|x86.Build.0 = Release|Any CPU
		{DA08B1D2-D501-433B-A262-7E8DF8B8A9DD}.Debug|Any CPU.ActiveCfg = Debug|Any CPU
		{DA08B1D2-D501-433B-A262-7E8DF8B8A9DD}.Debug|Any CPU.Build.0 = Debug|Any CPU
		{DA08B1D2-D501-433B-A262-7E8DF8B8A9DD}.Debug|x64.ActiveCfg = Debug|Any CPU
		{DA08B1D2-D501-433B-A262-7E8DF8B8A9DD}.Debug|x64.Build.0 = Debug|Any CPU
		{DA08B1D2-D501-433B-A262-7E8DF8B8A9DD}.Debug|x86.ActiveCfg = Debug|Any CPU
		{DA08B1D2-D501-433B-A262-7E8DF8B8A9DD}.Debug|x86.Build.0 = Debug|Any CPU
		{DA08B1D2-D501-433B-A262-7E8DF8B8A9DD}.Release|Any CPU.ActiveCfg = Release|Any CPU
		{DA08B1D2-D501-433B-A262-7E8DF8B8A9DD}.Release|Any CPU.Build.0 = Release|Any CPU
		{DA08B1D2-D501-433B-A262-7E8DF8B8A9DD}.Release|x64.ActiveCfg = Release|Any CPU
		{DA08B1D2-D501-433B-A262-7E8DF8B8A9DD}.Release|x64.Build.0 = Release|Any CPU
		{DA08B1D2-D501-433B-A262-7E8DF8B8A9DD}.Release|x86.ActiveCfg = Release|Any CPU
		{DA08B1D2-D501-433B-A262-7E8DF8B8A9DD}.Release|x86.Build.0 = Release|Any CPU
		{80FF269E-9B86-4A4A-8CFD-45D153FB5359}.Debug|Any CPU.ActiveCfg = Debug|Any CPU
		{80FF269E-9B86-4A4A-8CFD-45D153FB5359}.Debug|Any CPU.Build.0 = Debug|Any CPU
		{80FF269E-9B86-4A4A-8CFD-45D153FB5359}.Debug|x64.ActiveCfg = Debug|Any CPU
		{80FF269E-9B86-4A4A-8CFD-45D153FB5359}.Debug|x64.Build.0 = Debug|Any CPU
		{80FF269E-9B86-4A4A-8CFD-45D153FB5359}.Debug|x86.ActiveCfg = Debug|Any CPU
		{80FF269E-9B86-4A4A-8CFD-45D153FB5359}.Debug|x86.Build.0 = Debug|Any CPU
		{80FF269E-9B86-4A4A-8CFD-45D153FB5359}.Release|Any CPU.ActiveCfg = Release|Any CPU
		{80FF269E-9B86-4A4A-8CFD-45D153FB5359}.Release|Any CPU.Build.0 = Release|Any CPU
		{80FF269E-9B86-4A4A-8CFD-45D153FB5359}.Release|x64.ActiveCfg = Release|Any CPU
		{80FF269E-9B86-4A4A-8CFD-45D153FB5359}.Release|x64.Build.0 = Release|Any CPU
		{80FF269E-9B86-4A4A-8CFD-45D153FB5359}.Release|x86.ActiveCfg = Release|Any CPU
		{80FF269E-9B86-4A4A-8CFD-45D153FB5359}.Release|x86.Build.0 = Release|Any CPU
		{C9858482-7578-48D9-BCAC-99538F207873}.Debug|Any CPU.ActiveCfg = Debug|Any CPU
		{C9858482-7578-48D9-BCAC-99538F207873}.Debug|Any CPU.Build.0 = Debug|Any CPU
		{C9858482-7578-48D9-BCAC-99538F207873}.Debug|x64.ActiveCfg = Debug|Any CPU
		{C9858482-7578-48D9-BCAC-99538F207873}.Debug|x64.Build.0 = Debug|Any CPU
		{C9858482-7578-48D9-BCAC-99538F207873}.Debug|x86.ActiveCfg = Debug|Any CPU
		{C9858482-7578-48D9-BCAC-99538F207873}.Debug|x86.Build.0 = Debug|Any CPU
		{C9858482-7578-48D9-BCAC-99538F207873}.Release|Any CPU.ActiveCfg = Release|Any CPU
		{C9858482-7578-48D9-BCAC-99538F207873}.Release|Any CPU.Build.0 = Release|Any CPU
		{C9858482-7578-48D9-BCAC-99538F207873}.Release|x64.ActiveCfg = Release|Any CPU
		{C9858482-7578-48D9-BCAC-99538F207873}.Release|x64.Build.0 = Release|Any CPU
		{C9858482-7578-48D9-BCAC-99538F207873}.Release|x86.ActiveCfg = Release|Any CPU
		{C9858482-7578-48D9-BCAC-99538F207873}.Release|x86.Build.0 = Release|Any CPU
		{90506940-855B-42CB-82BA-EC27161AF987}.Debug|Any CPU.ActiveCfg = Debug|Any CPU
		{90506940-855B-42CB-82BA-EC27161AF987}.Debug|Any CPU.Build.0 = Debug|Any CPU
		{90506940-855B-42CB-82BA-EC27161AF987}.Debug|x64.ActiveCfg = Debug|Any CPU
		{90506940-855B-42CB-82BA-EC27161AF987}.Debug|x64.Build.0 = Debug|Any CPU
		{90506940-855B-42CB-82BA-EC27161AF987}.Debug|x86.ActiveCfg = Debug|Any CPU
		{90506940-855B-42CB-82BA-EC27161AF987}.Debug|x86.Build.0 = Debug|Any CPU
		{90506940-855B-42CB-82BA-EC27161AF987}.Release|Any CPU.ActiveCfg = Release|Any CPU
		{90506940-855B-42CB-82BA-EC27161AF987}.Release|Any CPU.Build.0 = Release|Any CPU
		{90506940-855B-42CB-82BA-EC27161AF987}.Release|x64.ActiveCfg = Release|Any CPU
		{90506940-855B-42CB-82BA-EC27161AF987}.Release|x64.Build.0 = Release|Any CPU
		{90506940-855B-42CB-82BA-EC27161AF987}.Release|x86.ActiveCfg = Release|Any CPU
		{90506940-855B-42CB-82BA-EC27161AF987}.Release|x86.Build.0 = Release|Any CPU
		{4672A234-B49E-4619-905B-E7246BE7ADC5}.Debug|Any CPU.ActiveCfg = Debug|Any CPU
		{4672A234-B49E-4619-905B-E7246BE7ADC5}.Debug|Any CPU.Build.0 = Debug|Any CPU
		{4672A234-B49E-4619-905B-E7246BE7ADC5}.Debug|x64.ActiveCfg = Debug|Any CPU
		{4672A234-B49E-4619-905B-E7246BE7ADC5}.Debug|x64.Build.0 = Debug|Any CPU
		{4672A234-B49E-4619-905B-E7246BE7ADC5}.Debug|x86.ActiveCfg = Debug|Any CPU
		{4672A234-B49E-4619-905B-E7246BE7ADC5}.Debug|x86.Build.0 = Debug|Any CPU
		{4672A234-B49E-4619-905B-E7246BE7ADC5}.Release|Any CPU.ActiveCfg = Release|Any CPU
		{4672A234-B49E-4619-905B-E7246BE7ADC5}.Release|Any CPU.Build.0 = Release|Any CPU
		{4672A234-B49E-4619-905B-E7246BE7ADC5}.Release|x64.ActiveCfg = Release|Any CPU
		{4672A234-B49E-4619-905B-E7246BE7ADC5}.Release|x64.Build.0 = Release|Any CPU
		{4672A234-B49E-4619-905B-E7246BE7ADC5}.Release|x86.ActiveCfg = Release|Any CPU
		{4672A234-B49E-4619-905B-E7246BE7ADC5}.Release|x86.Build.0 = Release|Any CPU
	EndGlobalSection
	GlobalSection(SolutionProperties) = preSolution
		HideSolutionNode = FALSE
	EndGlobalSection
	GlobalSection(NestedProjects) = preSolution
		{80FF269E-9B86-4A4A-8CFD-45D153FB5359} = {9FD79B0D-ABBA-4474-1CA5-33925866ED11}
		{C9858482-7578-48D9-BCAC-99538F207873} = {9FD79B0D-ABBA-4474-1CA5-33925866ED11}
		{90506940-855B-42CB-82BA-EC27161AF987} = {9FD79B0D-ABBA-4474-1CA5-33925866ED11}
		{4672A234-B49E-4619-905B-E7246BE7ADC5} = {E8D77DAC-33BC-3CA2-A23C-9954A534067A}
	EndGlobalSection
EndGlobal
